
Microsoft Visual Studio Solution File, Format Version 10.00
# Visual Studio 2008
Project("{FAE04EC0-301F-11D3-BF4B-00C04F79EFBC}") = "ITCS", "ThietBiPY\ITCS.csproj", "{73C2B373-313A-4C18-A74E-24AF6ADAB10B}"
EndProject
Project("{FAE04EC0-301F-11D3-BF4B-00C04F79EFBC}") = "ThietBiDAL", "ThietBiDAL\ThietBiDAL.csproj", "{F6396954-60E0-4096-81A7-CB87996381AA}"
EndProject
Project("{FAE04EC0-301F-11D3-BF4B-00C04F79EFBC}") = "ThietBiBLL", "ThietBiBLL\ThietBiBLL.csproj", "{C10BB6E5-AF22-4210-9E3A-3FD96C0C6E5F}"
EndProject
Project("{FAE04EC0-301F-11D3-BF4B-00C04F79EFBC}") = "ThietBiPY_WebClient", "ThietBiClient\ThietBiPY_WebClient.csproj", "{335536F0-EBF5-4391-ABDA-564CE40E1A0F}"
EndProject
Global
	GlobalSection(SolutionConfigurationPlatforms) = preSolution
		Debug|Any CPU = Debug|Any CPU
		Release|Any CPU = Release|Any CPU
	EndGlobalSection
	GlobalSection(ProjectConfigurationPlatforms) = postSolution
		{73C2B373-313A-4C18-A74E-24AF6ADAB10B}.Debug|Any CPU.ActiveCfg = Debug|Any CPU
		{73C2B373-313A-4C18-A74E-24AF6ADAB10B}.Debug|Any CPU.Build.0 = Debug|Any CPU
		{73C2B373-313A-4C18-A74E-24AF6ADAB10B}.Release|Any CPU.ActiveCfg = Release|Any CPU
		{73C2B373-313A-4C18-A74E-24AF6ADAB10B}.Release|Any CPU.Build.0 = Release|Any CPU
		{F6396954-60E0-4096-81A7-CB87996381AA}.Debug|Any CPU.ActiveCfg = Debug|Any CPU
		{F6396954-60E0-4096-81A7-CB87996381AA}.Debug|Any CPU.Build.0 = Debug|Any CPU
		{F6396954-60E0-4096-81A7-CB87996381AA}.Release|Any CPU.ActiveCfg = Release|Any CPU
		{F6396954-60E0-4096-81A7-CB87996381AA}.Release|Any CPU.Build.0 = Release|Any CPU
		{C10BB6E5-AF22-4210-9E3A-3FD96C0C6E5F}.Debug|Any CPU.ActiveCfg = Debug|Any CPU
		{C10BB6E5-AF22-4210-9E3A-3FD96C0C6E5F}.Debug|Any CPU.Build.0 = Debug|Any CPU
		{C10BB6E5-AF22-4210-9E3A-3FD96C0C6E5F}.Release|Any CPU.ActiveCfg = Release|Any CPU
		{C10BB6E5-AF22-4210-9E3A-3FD96C0C6E5F}.Release|Any CPU.Build.0 = Release|Any CPU
		{335536F0-EBF5-4391-ABDA-564CE40E1A0F}.Debug|Any CPU.ActiveCfg = Debug|Any CPU
		{335536F0-EBF5-4391-ABDA-564CE40E1A0F}.Debug|Any CPU.Build.0 = Debug|Any CPU
		{335536F0-EBF5-4391-ABDA-564CE40E1A0F}.Release|Any CPU.ActiveCfg = Release|Any CPU
		{335536F0-EBF5-4391-ABDA-564CE40E1A0F}.Release|Any CPU.Build.0 = Release|Any CPU
	EndGlobalSection
	GlobalSection(SolutionProperties) = preSolution
		HideSolutionNode = FALSE
	EndGlobalSection
EndGlobal
